
Microsoft Visual Studio Solution File, Format Version 12.00
# Visual Studio Version 16
VisualStudioVersion = 16.0.29519.87
MinimumVisualStudioVersion = 10.0.40219.1
Project("{FAE04EC0-301F-11D3-BF4B-00C04F79EFBC}") = "Dsl", "Dsl\Dsl.csproj", "{03050F60-AB68-47B9-8EC4-40A0B644140E}"
EndProject
Project("{FAE04EC0-301F-11D3-BF4B-00C04F79EFBC}") = "DslPackage", "DslPackage\DslPackage.csproj", "{C78214FA-FDA6-47CB-976F-51226A6E77F0}"
EndProject
Global
	GlobalSection(SolutionConfigurationPlatforms) = preSolution
		Debug|Any CPU = Debug|Any CPU
		Release|Any CPU = Release|Any CPU
	EndGlobalSection
	GlobalSection(ProjectConfigurationPlatforms) = postSolution
		{03050F60-AB68-47B9-8EC4-40A0B644140E}.Debug|Any CPU.ActiveCfg = Debug|Any CPU
		{03050F60-AB68-47B9-8EC4-40A0B644140E}.Debug|Any CPU.Build.0 = Debug|Any CPU
		{03050F60-AB68-47B9-8EC4-40A0B644140E}.Release|Any CPU.ActiveCfg = Release|Any CPU
		{03050F60-AB68-47B9-8EC4-40A0B644140E}.Release|Any CPU.Build.0 = Release|Any CPU
		{C78214FA-FDA6-47CB-976F-51226A6E77F0}.Debug|Any CPU.ActiveCfg = Debug|Any CPU
		{C78214FA-FDA6-47CB-976F-51226A6E77F0}.Debug|Any CPU.Build.0 = Debug|Any CPU
		{C78214FA-FDA6-47CB-976F-51226A6E77F0}.Release|Any CPU.ActiveCfg = Release|Any CPU
		{C78214FA-FDA6-47CB-976F-51226A6E77F0}.Release|Any CPU.Build.0 = Release|Any CPU
	EndGlobalSection
	GlobalSection(SolutionProperties) = preSolution
		HideSolutionNode = FALSE
	EndGlobalSection
	GlobalSection(ExtensibilityGlobals) = postSolution
		SolutionGuid = {3528FF85-2A40-4872-8B26-82F854363CD0}
	EndGlobalSection
EndGlobal
