
Microsoft Visual Studio Solution File, Format Version 12.00
# Visual Studio Version 16
VisualStudioVersion = 16.0.29519.87
MinimumVisualStudioVersion = 10.0.40219.1
Project("{FAE04EC0-301F-11D3-BF4B-00C04F79EFBC}") = "Debugging", "Debugging.csproj", "{6829F069-BD1B-400B-89F7-85F12465DD34}"
EndProject
Global
	GlobalSection(SolutionConfigurationPlatforms) = preSolution
		Debug|Any CPU = Debug|Any CPU
		Release|Any CPU = Release|Any CPU
	EndGlobalSection
	GlobalSection(ProjectConfigurationPlatforms) = postSolution
		{6829F069-BD1B-400B-89F7-85F12465DD34}.Debug|Any CPU.ActiveCfg = Debug|Any CPU
		{6829F069-BD1B-400B-89F7-85F12465DD34}.Debug|Any CPU.Build.0 = Debug|Any CPU
		{6829F069-BD1B-400B-89F7-85F12465DD34}.Release|Any CPU.ActiveCfg = Release|Any CPU
		{6829F069-BD1B-400B-89F7-85F12465DD34}.Release|Any CPU.Build.0 = Release|Any CPU
	EndGlobalSection
	GlobalSection(SolutionProperties) = preSolution
		HideSolutionNode = FALSE
	EndGlobalSection
	GlobalSection(ExtensibilityGlobals) = postSolution
		SolutionGuid = {9F2EE842-9C31-4396-9FCA-471753B911FA}
	EndGlobalSection
	GlobalSection(TextTemplating) = postSolution
		TextTemplating = 1
	EndGlobalSection
EndGlobal
